
Microsoft Visual Studio Solution File, Format Version 12.00
# Visual Studio 15
VisualStudioVersion = 15.0.27703.2035
MinimumVisualStudioVersion = 10.0.40219.1
Project("{8BC9CEB8-8B4A-11D0-8D11-00A0C91BC942}") = "Networking Project", "Networking Project\Networking Project.vcxproj", "{5947FA15-2189-42B8-ABDC-7503F92C0D0B}"
EndProject
Global
	GlobalSection(SolutionConfigurationPlatforms) = preSolution
		Debug|x64 = Debug|x64
		Debug|x86 = Debug|x86
		Release|x64 = Release|x64
		Release|x86 = Release|x86
	EndGlobalSection
	GlobalSection(ProjectConfigurationPlatforms) = postSolution
		{5947FA15-2189-42B8-ABDC-7503F92C0D0B}.Debug|x64.ActiveCfg = Debug|x64
		{5947FA15-2189-42B8-ABDC-7503F92C0D0B}.Debug|x64.Build.0 = Debug|x64
		{5947FA15-2189-42B8-ABDC-7503F92C0D0B}.Debug|x86.ActiveCfg = Debug|Win32
		{5947FA15-2189-42B8-ABDC-7503F92C0D0B}.Debug|x86.Build.0 = Debug|Win32
		{5947FA15-2189-42B8-ABDC-7503F92C0D0B}.Release|x64.ActiveCfg = Release|x64
		{5947FA15-2189-42B8-ABDC-7503F92C0D0B}.Release|x64.Build.0 = Release|x64
		{5947FA15-2189-42B8-ABDC-7503F92C0D0B}.Release|x86.ActiveCfg = Release|Win32
		{5947FA15-2189-42B8-ABDC-7503F92C0D0B}.Release|x86.Build.0 = Release|Win32
	EndGlobalSection
	GlobalSection(SolutionProperties) = preSolution
		HideSolutionNode = FALSE
	EndGlobalSection
	GlobalSection(ExtensibilityGlobals) = postSolution
		SolutionGuid = {2F9EE6BF-3A68-4CF3-8E85-81C43D8180B7}
	EndGlobalSection
EndGlobal
